// !$*UTF8*$!
{
	archiveVersion = 1;
	classes = {
	};
	objectVersion = 46;
	objects = {

/* Begin PBXBuildFile section */
		3F2F11141AD9922C00AE3DBA /* BeaconManager.swift in Sources */ = {isa = PBXBuildFile; fileRef = 3F2F11131AD9922C00AE3DBA /* BeaconManager.swift */; };
		3F4387331ADA0C7B0099CCCE /* PathDynamicModal.swift in Sources */ = {isa = PBXBuildFile; fileRef = 3F4387321ADA0C7B0099CCCE /* PathDynamicModal.swift */; };
		3F4387351ADA0CB70099CCCE /* ModalView.xib in Resources */ = {isa = PBXBuildFile; fileRef = 3F4387341ADA0CB70099CCCE /* ModalView.xib */; };
		3F4387371ADA0E5B0099CCCE /* ModalView.swift in Sources */ = {isa = PBXBuildFile; fileRef = 3F4387361ADA0E5B0099CCCE /* ModalView.swift */; };
		3FF8FD541AD96D0600597798 /* Shop.swift in Sources */ = {isa = PBXBuildFile; fileRef = 3FF8FD531AD96D0600597798 /* Shop.swift */; };
		3FF8FD581AD9709700597798 /* Item.swift in Sources */ = {isa = PBXBuildFile; fileRef = 3FF8FD571AD9709700597798 /* Item.swift */; };
		3FF8FD5A1AD9712500597798 /* Cart.swift in Sources */ = {isa = PBXBuildFile; fileRef = 3FF8FD591AD9712500597798 /* Cart.swift */; };
		910B84021AD9C3AF00412CDE /* CartViewController.swift in Sources */ = {isa = PBXBuildFile; fileRef = 910B84011AD9C3AF00412CDE /* CartViewController.swift */; };
		910B840A1AD9C63E00412CDE /* ShopListTableViewCell.swift in Sources */ = {isa = PBXBuildFile; fileRef = 910B84081AD9C63E00412CDE /* ShopListTableViewCell.swift */; };
		910B840B1AD9C63E00412CDE /* ShopListTableViewCell.xib in Resources */ = {isa = PBXBuildFile; fileRef = 910B84091AD9C63E00412CDE /* ShopListTableViewCell.xib */; };
		910B84111AD9C6A400412CDE /* CartTableViewCell.swift in Sources */ = {isa = PBXBuildFile; fileRef = 910B840F1AD9C6A400412CDE /* CartTableViewCell.swift */; };
		910B84121AD9C6A400412CDE /* CartTableViewCell.xib in Resources */ = {isa = PBXBuildFile; fileRef = 910B84101AD9C6A400412CDE /* CartTableViewCell.xib */; };
		910B84161AD9CAFB00412CDE /* ShopManager.swift in Sources */ = {isa = PBXBuildFile; fileRef = 910B84151AD9CAFB00412CDE /* ShopManager.swift */; };
		910B84181AD9DE5100412CDE /* URLRequestHelper.swift in Sources */ = {isa = PBXBuildFile; fileRef = 910B84171AD9DE5100412CDE /* URLRequestHelper.swift */; };
		913C7CE91AD952BE00C5EBF7 /* AppDelegate.swift in Sources */ = {isa = PBXBuildFile; fileRef = 913C7CE81AD952BE00C5EBF7 /* AppDelegate.swift */; };
		913C7CEC1AD952BE00C5EBF7 /* MLH_Braintree.xcdatamodeld in Sources */ = {isa = PBXBuildFile; fileRef = 913C7CEA1AD952BE00C5EBF7 /* MLH_Braintree.xcdatamodeld */; };
		913C7CF11AD952BE00C5EBF7 /* Main.storyboard in Resources */ = {isa = PBXBuildFile; fileRef = 913C7CEF1AD952BE00C5EBF7 /* Main.storyboard */; };
		913C7CF31AD952BE00C5EBF7 /* Images.xcassets in Resources */ = {isa = PBXBuildFile; fileRef = 913C7CF21AD952BE00C5EBF7 /* Images.xcassets */; };
		913C7CF61AD952BE00C5EBF7 /* LaunchScreen.xib in Resources */ = {isa = PBXBuildFile; fileRef = 913C7CF41AD952BE00C5EBF7 /* LaunchScreen.xib */; };
		913C7D021AD952BE00C5EBF7 /* MLH_BraintreeTests.swift in Sources */ = {isa = PBXBuildFile; fileRef = 913C7D011AD952BE00C5EBF7 /* MLH_BraintreeTests.swift */; };
		91672D641AD97EB400F14257 /* CheckoutViewController.swift in Sources */ = {isa = PBXBuildFile; fileRef = 91672D631AD97EB400F14257 /* CheckoutViewController.swift */; };
		91672D681AD97EC700F14257 /* ItemDetailViewController.swift in Sources */ = {isa = PBXBuildFile; fileRef = 91672D671AD97EC700F14257 /* ItemDetailViewController.swift */; };
		91672D6A1AD97ECE00F14257 /* ReceiptViewController.swift in Sources */ = {isa = PBXBuildFile; fileRef = 91672D691AD97ECE00F14257 /* ReceiptViewController.swift */; };
		91672D6D1AD97ED400F14257 /* ShopListViewController.swift in Sources */ = {isa = PBXBuildFile; fileRef = 91672D6B1AD97ED400F14257 /* ShopListViewController.swift */; };
		91672D721AD99DC900F14257 /* TabViewController.swift in Sources */ = {isa = PBXBuildFile; fileRef = 91672D711AD99DC900F14257 /* TabViewController.swift */; };
		BE9B753F50EFE6C707DCBDD6 /* libPods.a in Frameworks */ = {isa = PBXBuildFile; fileRef = F969803B7548A145D717FB2B /* libPods.a */; };
/* End PBXBuildFile section */

/* Begin PBXContainerItemProxy section */
		913C7CFC1AD952BE00C5EBF7 /* PBXContainerItemProxy */ = {
			isa = PBXContainerItemProxy;
			containerPortal = 913C7CDB1AD952BE00C5EBF7 /* Project object */;
			proxyType = 1;
			remoteGlobalIDString = 913C7CE21AD952BE00C5EBF7;
			remoteInfo = "MLH-Braintree";
		};
/* End PBXContainerItemProxy section */

/* Begin PBXFileReference section */
		34F75BCF8DF41AD3D724E4D4 /* Pods.release.xcconfig */ = {isa = PBXFileReference; includeInIndex = 1; lastKnownFileType = text.xcconfig; name = Pods.release.xcconfig; path = "Pods/Target Support Files/Pods/Pods.release.xcconfig"; sourceTree = "<group>"; };
		3F2F11131AD9922C00AE3DBA /* BeaconManager.swift */ = {isa = PBXFileReference; fileEncoding = 4; lastKnownFileType = sourcecode.swift; path = BeaconManager.swift; sourceTree = "<group>"; };
		3F2F11151AD9986400AE3DBA /* CoreLocation.framework */ = {isa = PBXFileReference; lastKnownFileType = wrapper.framework; name = CoreLocation.framework; path = System/Library/Frameworks/CoreLocation.framework; sourceTree = SDKROOT; };
		3F4387321ADA0C7B0099CCCE /* PathDynamicModal.swift */ = {isa = PBXFileReference; fileEncoding = 4; lastKnownFileType = sourcecode.swift; name = PathDynamicModal.swift; path = ../../PathDynamicModal/PathDynamicModal/PathDynamicModal.swift; sourceTree = "<group>"; };
		3F4387341ADA0CB70099CCCE /* ModalView.xib */ = {isa = PBXFileReference; fileEncoding = 4; lastKnownFileType = file.xib; path = ModalView.xib; sourceTree = "<group>"; };
		3F4387361ADA0E5B0099CCCE /* ModalView.swift */ = {isa = PBXFileReference; fileEncoding = 4; lastKnownFileType = sourcecode.swift; path = ModalView.swift; sourceTree = "<group>"; };
		3FC52C821AD9ED8D00474980 /* MLH-Braintree-Bridging-Header.h */ = {isa = PBXFileReference; lastKnownFileType = sourcecode.c.h; path = "MLH-Braintree-Bridging-Header.h"; sourceTree = "<group>"; };
		3FF8FD531AD96D0600597798 /* Shop.swift */ = {isa = PBXFileReference; fileEncoding = 4; lastKnownFileType = sourcecode.swift; path = Shop.swift; sourceTree = "<group>"; };
		3FF8FD571AD9709700597798 /* Item.swift */ = {isa = PBXFileReference; fileEncoding = 4; lastKnownFileType = sourcecode.swift; path = Item.swift; sourceTree = "<group>"; };
		3FF8FD591AD9712500597798 /* Cart.swift */ = {isa = PBXFileReference; fileEncoding = 4; lastKnownFileType = sourcecode.swift; path = Cart.swift; sourceTree = "<group>"; };
		7546263C95D124487A69919D /* Pods.debug.xcconfig */ = {isa = PBXFileReference; includeInIndex = 1; lastKnownFileType = text.xcconfig; name = Pods.debug.xcconfig; path = "Pods/Target Support Files/Pods/Pods.debug.xcconfig"; sourceTree = "<group>"; };
		910B84011AD9C3AF00412CDE /* CartViewController.swift */ = {isa = PBXFileReference; fileEncoding = 4; lastKnownFileType = sourcecode.swift; path = CartViewController.swift; sourceTree = "<group>"; };
		910B84081AD9C63E00412CDE /* ShopListTableViewCell.swift */ = {isa = PBXFileReference; fileEncoding = 4; lastKnownFileType = sourcecode.swift; path = ShopListTableViewCell.swift; sourceTree = "<group>"; };
		910B84091AD9C63E00412CDE /* ShopListTableViewCell.xib */ = {isa = PBXFileReference; fileEncoding = 4; lastKnownFileType = file.xib; path = ShopListTableViewCell.xib; sourceTree = "<group>"; };
		910B840F1AD9C6A400412CDE /* CartTableViewCell.swift */ = {isa = PBXFileReference; fileEncoding = 4; lastKnownFileType = sourcecode.swift; path = CartTableViewCell.swift; sourceTree = "<group>"; };
		910B84101AD9C6A400412CDE /* CartTableViewCell.xib */ = {isa = PBXFileReference; fileEncoding = 4; lastKnownFileType = file.xib; path = CartTableViewCell.xib; sourceTree = "<group>"; };
		910B84151AD9CAFB00412CDE /* ShopManager.swift */ = {isa = PBXFileReference; fileEncoding = 4; lastKnownFileType = sourcecode.swift; path = ShopManager.swift; sourceTree = "<group>"; };
		910B84171AD9DE5100412CDE /* URLRequestHelper.swift */ = {isa = PBXFileReference; fileEncoding = 4; lastKnownFileType = sourcecode.swift; path = URLRequestHelper.swift; sourceTree = "<group>"; };
		913C7CE31AD952BE00C5EBF7 /* MLH-Braintree.app */ = {isa = PBXFileReference; explicitFileType = wrapper.application; includeInIndex = 0; path = "MLH-Braintree.app"; sourceTree = BUILT_PRODUCTS_DIR; };
		913C7CE71AD952BE00C5EBF7 /* Info.plist */ = {isa = PBXFileReference; lastKnownFileType = text.plist.xml; path = Info.plist; sourceTree = "<group>"; };
		913C7CE81AD952BE00C5EBF7 /* AppDelegate.swift */ = {isa = PBXFileReference; lastKnownFileType = sourcecode.swift; path = AppDelegate.swift; sourceTree = "<group>"; };
		913C7CEB1AD952BE00C5EBF7 /* MLH_Braintree.xcdatamodel */ = {isa = PBXFileReference; lastKnownFileType = wrapper.xcdatamodel; path = MLH_Braintree.xcdatamodel; sourceTree = "<group>"; };
		913C7CF01AD952BE00C5EBF7 /* Base */ = {isa = PBXFileReference; lastKnownFileType = file.storyboard; name = Base; path = Base.lproj/Main.storyboard; sourceTree = "<group>"; };
		913C7CF21AD952BE00C5EBF7 /* Images.xcassets */ = {isa = PBXFileReference; lastKnownFileType = folder.assetcatalog; path = Images.xcassets; sourceTree = "<group>"; };
		913C7CF51AD952BE00C5EBF7 /* Base */ = {isa = PBXFileReference; lastKnownFileType = file.xib; name = Base; path = Base.lproj/LaunchScreen.xib; sourceTree = "<group>"; };
		913C7CFB1AD952BE00C5EBF7 /* MLH-BraintreeTests.xctest */ = {isa = PBXFileReference; explicitFileType = wrapper.cfbundle; includeInIndex = 0; path = "MLH-BraintreeTests.xctest"; sourceTree = BUILT_PRODUCTS_DIR; };
		913C7D001AD952BE00C5EBF7 /* Info.plist */ = {isa = PBXFileReference; lastKnownFileType = text.plist.xml; path = Info.plist; sourceTree = "<group>"; };
		913C7D011AD952BE00C5EBF7 /* MLH_BraintreeTests.swift */ = {isa = PBXFileReference; lastKnownFileType = sourcecode.swift; path = MLH_BraintreeTests.swift; sourceTree = "<group>"; };
		91672D631AD97EB400F14257 /* CheckoutViewController.swift */ = {isa = PBXFileReference; fileEncoding = 4; lastKnownFileType = sourcecode.swift; path = CheckoutViewController.swift; sourceTree = "<group>"; };
		91672D671AD97EC700F14257 /* ItemDetailViewController.swift */ = {isa = PBXFileReference; fileEncoding = 4; lastKnownFileType = sourcecode.swift; path = ItemDetailViewController.swift; sourceTree = "<group>"; };
		91672D691AD97ECE00F14257 /* ReceiptViewController.swift */ = {isa = PBXFileReference; fileEncoding = 4; lastKnownFileType = sourcecode.swift; path = ReceiptViewController.swift; sourceTree = "<group>"; };
		91672D6B1AD97ED400F14257 /* ShopListViewController.swift */ = {isa = PBXFileReference; fileEncoding = 4; lastKnownFileType = sourcecode.swift; path = ShopListViewController.swift; sourceTree = "<group>"; };
		91672D711AD99DC900F14257 /* TabViewController.swift */ = {isa = PBXFileReference; fileEncoding = 4; lastKnownFileType = sourcecode.swift; path = TabViewController.swift; sourceTree = "<group>"; };
		F969803B7548A145D717FB2B /* libPods.a */ = {isa = PBXFileReference; explicitFileType = archive.ar; includeInIndex = 0; path = libPods.a; sourceTree = BUILT_PRODUCTS_DIR; };
/* End PBXFileReference section */

/* Begin PBXFrameworksBuildPhase section */
		913C7CE01AD952BE00C5EBF7 /* Frameworks */ = {
			isa = PBXFrameworksBuildPhase;
			buildActionMask = 2147483647;
			files = (
				BE9B753F50EFE6C707DCBDD6 /* libPods.a in Frameworks */,
			);
			runOnlyForDeploymentPostprocessing = 0;
		};
		913C7CF81AD952BE00C5EBF7 /* Frameworks */ = {
			isa = PBXFrameworksBuildPhase;
			buildActionMask = 2147483647;
			files = (
			);
			runOnlyForDeploymentPostprocessing = 0;
		};
/* End PBXFrameworksBuildPhase section */

/* Begin PBXGroup section */
		5DE17EAEF5776FB1448AA029 /* Frameworks */ = {
			isa = PBXGroup;
			children = (
				F969803B7548A145D717FB2B /* libPods.a */,
			);
			name = Frameworks;
			sourceTree = "<group>";
		};
		910B83FF1AD9C34C00412CDE /* Shop Tab */ = {
			isa = PBXGroup;
			children = (
				91672D711AD99DC900F14257 /* TabViewController.swift */,
				910B84031AD9C3B900412CDE /* Tabbed View Controllers */,
			);
			name = "Shop Tab";
			sourceTree = "<group>";
		};
		910B84001AD9C38800412CDE /* Receipt */ = {
			isa = PBXGroup;
			children = (
				91672D691AD97ECE00F14257 /* ReceiptViewController.swift */,
			);
			name = Receipt;
			sourceTree = "<group>";
		};
		910B84031AD9C3B900412CDE /* Tabbed View Controllers */ = {
			isa = PBXGroup;
			children = (
				910B84071AD9C4BB00412CDE /* Shop List View Controller */,
				910B84051AD9C4A400412CDE /* Cart View Controller */,
			);
			name = "Tabbed View Controllers";
			sourceTree = "<group>";
		};
		910B84041AD9C48000412CDE /* Checkout */ = {
			isa = PBXGroup;
			children = (
				91672D631AD97EB400F14257 /* CheckoutViewController.swift */,
			);
			name = Checkout;
			sourceTree = "<group>";
		};
		910B84051AD9C4A400412CDE /* Cart View Controller */ = {
			isa = PBXGroup;
			children = (
				910B84011AD9C3AF00412CDE /* CartViewController.swift */,
				910B840E1AD9C67F00412CDE /* Cart Cell */,
				91672D671AD97EC700F14257 /* ItemDetailViewController.swift */,
			);
			name = "Cart View Controller";
			sourceTree = "<group>";
		};
		910B84071AD9C4BB00412CDE /* Shop List View Controller */ = {
			isa = PBXGroup;
			children = (
				91672D6B1AD97ED400F14257 /* ShopListViewController.swift */,
				910B840C1AD9C64500412CDE /* Shop List Cell */,
			);
			name = "Shop List View Controller";
			sourceTree = "<group>";
		};
		910B840C1AD9C64500412CDE /* Shop List Cell */ = {
			isa = PBXGroup;
			children = (
				910B84081AD9C63E00412CDE /* ShopListTableViewCell.swift */,
				910B84091AD9C63E00412CDE /* ShopListTableViewCell.xib */,
			);
			name = "Shop List Cell";
			sourceTree = "<group>";
		};
		910B840E1AD9C67F00412CDE /* Cart Cell */ = {
			isa = PBXGroup;
			children = (
				910B840F1AD9C6A400412CDE /* CartTableViewCell.swift */,
				910B84101AD9C6A400412CDE /* CartTableViewCell.xib */,
			);
			name = "Cart Cell";
			sourceTree = "<group>";
		};
		911DC6951AD96C540065C967 /* Models */ = {
			isa = PBXGroup;
			children = (
				3FF8FD531AD96D0600597798 /* Shop.swift */,
				3FF8FD591AD9712500597798 /* Cart.swift */,
				3FF8FD571AD9709700597798 /* Item.swift */,
			);
			name = Models;
			sourceTree = "<group>";
		};
		911DC6961AD96C5B0065C967 /* Utilities */ = {
			isa = PBXGroup;
			children = (
				3F4387321ADA0C7B0099CCCE /* PathDynamicModal.swift */,
				3F2F11131AD9922C00AE3DBA /* BeaconManager.swift */,
				910B84151AD9CAFB00412CDE /* ShopManager.swift */,
				910B84171AD9DE5100412CDE /* URLRequestHelper.swift */,
			);
			name = Utilities;
			sourceTree = "<group>";
		};
		911DC6971AD96C610065C967 /* View Controllers */ = {
			isa = PBXGroup;
			children = (
				910B83FF1AD9C34C00412CDE /* Shop Tab */,
				910B84041AD9C48000412CDE /* Checkout */,
				910B84001AD9C38800412CDE /* Receipt */,
			);
			name = "View Controllers";
			sourceTree = "<group>";
		};
		913C7CDA1AD952BE00C5EBF7 = {
			isa = PBXGroup;
			children = (
				3F2F11151AD9986400AE3DBA /* CoreLocation.framework */,
				913C7CE51AD952BE00C5EBF7 /* MLH-Braintree */,
				913C7CFE1AD952BE00C5EBF7 /* MLH-BraintreeTests */,
				913C7CE41AD952BE00C5EBF7 /* Products */,
				F02163E13516A01B273B00F0 /* Pods */,
				5DE17EAEF5776FB1448AA029 /* Frameworks */,
			);
			sourceTree = "<group>";
		};
		913C7CE41AD952BE00C5EBF7 /* Products */ = {
			isa = PBXGroup;
			children = (
				913C7CE31AD952BE00C5EBF7 /* MLH-Braintree.app */,
				913C7CFB1AD952BE00C5EBF7 /* MLH-BraintreeTests.xctest */,
			);
			name = Products;
			sourceTree = "<group>";
		};
		913C7CE51AD952BE00C5EBF7 /* MLH-Braintree */ = {
			isa = PBXGroup;
			children = (
				911DC6971AD96C610065C967 /* View Controllers */,
				911DC6961AD96C5B0065C967 /* Utilities */,
				911DC6951AD96C540065C967 /* Models */,
				913C7CE81AD952BE00C5EBF7 /* AppDelegate.swift */,
				913C7CEF1AD952BE00C5EBF7 /* Main.storyboard */,
				913C7CF21AD952BE00C5EBF7 /* Images.xcassets */,
				913C7CF41AD952BE00C5EBF7 /* LaunchScreen.xib */,
				913C7CEA1AD952BE00C5EBF7 /* MLH_Braintree.xcdatamodeld */,
				913C7CE61AD952BE00C5EBF7 /* Supporting Files */,
				3FC52C821AD9ED8D00474980 /* MLH-Braintree-Bridging-Header.h */,
				3F4387341ADA0CB70099CCCE /* ModalView.xib */,
			);
			path = "MLH-Braintree";
			sourceTree = "<group>";
		};
		913C7CE61AD952BE00C5EBF7 /* Supporting Files */ = {
			isa = PBXGroup;
			children = (
				3F4387361ADA0E5B0099CCCE /* ModalView.swift */,
				913C7CE71AD952BE00C5EBF7 /* Info.plist */,
			);
			name = "Supporting Files";
			sourceTree = "<group>";
		};
		913C7CFE1AD952BE00C5EBF7 /* MLH-BraintreeTests */ = {
			isa = PBXGroup;
			children = (
				913C7D011AD952BE00C5EBF7 /* MLH_BraintreeTests.swift */,
				913C7CFF1AD952BE00C5EBF7 /* Supporting Files */,
			);
			path = "MLH-BraintreeTests";
			sourceTree = "<group>";
		};
		913C7CFF1AD952BE00C5EBF7 /* Supporting Files */ = {
			isa = PBXGroup;
			children = (
				913C7D001AD952BE00C5EBF7 /* Info.plist */,
			);
			name = "Supporting Files";
			sourceTree = "<group>";
		};
		F02163E13516A01B273B00F0 /* Pods */ = {
			isa = PBXGroup;
			children = (
				7546263C95D124487A69919D /* Pods.debug.xcconfig */,
				34F75BCF8DF41AD3D724E4D4 /* Pods.release.xcconfig */,
			);
			name = Pods;
			sourceTree = "<group>";
		};
/* End PBXGroup section */

/* Begin PBXNativeTarget section */
		913C7CE21AD952BE00C5EBF7 /* MLH-Braintree */ = {
			isa = PBXNativeTarget;
			buildConfigurationList = 913C7D051AD952BE00C5EBF7 /* Build configuration list for PBXNativeTarget "MLH-Braintree" */;
			buildPhases = (
				09AB499B8071A1C7DD954ED4 /* Check Pods Manifest.lock */,
				913C7CDF1AD952BE00C5EBF7 /* Sources */,
				913C7CE01AD952BE00C5EBF7 /* Frameworks */,
				913C7CE11AD952BE00C5EBF7 /* Resources */,
				8006A15561A808189CA5C4C4 /* Copy Pods Resources */,
			);
			buildRules = (
			);
			dependencies = (
			);
			name = "MLH-Braintree";
			productName = "MLH-Braintree";
			productReference = 913C7CE31AD952BE00C5EBF7 /* MLH-Braintree.app */;
			productType = "com.apple.product-type.application";
		};
		913C7CFA1AD952BE00C5EBF7 /* MLH-BraintreeTests */ = {
			isa = PBXNativeTarget;
			buildConfigurationList = 913C7D081AD952BE00C5EBF7 /* Build configuration list for PBXNativeTarget "MLH-BraintreeTests" */;
			buildPhases = (
				913C7CF71AD952BE00C5EBF7 /* Sources */,
				913C7CF81AD952BE00C5EBF7 /* Frameworks */,
				913C7CF91AD952BE00C5EBF7 /* Resources */,
			);
			buildRules = (
			);
			dependencies = (
				913C7CFD1AD952BE00C5EBF7 /* PBXTargetDependency */,
			);
			name = "MLH-BraintreeTests";
			productName = "MLH-BraintreeTests";
			productReference = 913C7CFB1AD952BE00C5EBF7 /* MLH-BraintreeTests.xctest */;
			productType = "com.apple.product-type.bundle.unit-test";
		};
/* End PBXNativeTarget section */

/* Begin PBXProject section */
		913C7CDB1AD952BE00C5EBF7 /* Project object */ = {
			isa = PBXProject;
			attributes = {
				LastUpgradeCheck = 0620;
				ORGANIZATIONNAME = "Jessie Serrino";
				TargetAttributes = {
					913C7CE21AD952BE00C5EBF7 = {
						CreatedOnToolsVersion = 6.2;
					};
					913C7CFA1AD952BE00C5EBF7 = {
						CreatedOnToolsVersion = 6.2;
						TestTargetID = 913C7CE21AD952BE00C5EBF7;
					};
				};
			};
			buildConfigurationList = 913C7CDE1AD952BE00C5EBF7 /* Build configuration list for PBXProject "MLH-Braintree" */;
			compatibilityVersion = "Xcode 3.2";
			developmentRegion = English;
			hasScannedForEncodings = 0;
			knownRegions = (
				en,
				Base,
			);
			mainGroup = 913C7CDA1AD952BE00C5EBF7;
			productRefGroup = 913C7CE41AD952BE00C5EBF7 /* Products */;
			projectDirPath = "";
			projectRoot = "";
			targets = (
				913C7CE21AD952BE00C5EBF7 /* MLH-Braintree */,
				913C7CFA1AD952BE00C5EBF7 /* MLH-BraintreeTests */,
			);
		};
/* End PBXProject section */

/* Begin PBXResourcesBuildPhase section */
		913C7CE11AD952BE00C5EBF7 /* Resources */ = {
			isa = PBXResourcesBuildPhase;
			buildActionMask = 2147483647;
			files = (
				910B84121AD9C6A400412CDE /* CartTableViewCell.xib in Resources */,
				913C7CF11AD952BE00C5EBF7 /* Main.storyboard in Resources */,
				913C7CF61AD952BE00C5EBF7 /* LaunchScreen.xib in Resources */,
				913C7CF31AD952BE00C5EBF7 /* Images.xcassets in Resources */,
				3F4387351ADA0CB70099CCCE /* ModalView.xib in Resources */,
				910B840B1AD9C63E00412CDE /* ShopListTableViewCell.xib in Resources */,
			);
			runOnlyForDeploymentPostprocessing = 0;
		};
		913C7CF91AD952BE00C5EBF7 /* Resources */ = {
			isa = PBXResourcesBuildPhase;
			buildActionMask = 2147483647;
			files = (
			);
			runOnlyForDeploymentPostprocessing = 0;
		};
/* End PBXResourcesBuildPhase section */

/* Begin PBXShellScriptBuildPhase section */
		09AB499B8071A1C7DD954ED4 /* Check Pods Manifest.lock */ = {
			isa = PBXShellScriptBuildPhase;
			buildActionMask = 2147483647;
			files = (
			);
			inputPaths = (
			);
			name = "Check Pods Manifest.lock";
			outputPaths = (
			);
			runOnlyForDeploymentPostprocessing = 0;
			shellPath = /bin/sh;
			shellScript = "diff \"${PODS_ROOT}/../Podfile.lock\" \"${PODS_ROOT}/Manifest.lock\" > /dev/null\nif [[ $? != 0 ]] ; then\n    cat << EOM\nerror: The sandbox is not in sync with the Podfile.lock. Run 'pod install' or update your CocoaPods installation.\nEOM\n    exit 1\nfi\n";
			showEnvVarsInLog = 0;
		};
		8006A15561A808189CA5C4C4 /* Copy Pods Resources */ = {
			isa = PBXShellScriptBuildPhase;
			buildActionMask = 2147483647;
			files = (
			);
			inputPaths = (
			);
			name = "Copy Pods Resources";
			outputPaths = (
			);
			runOnlyForDeploymentPostprocessing = 0;
			shellPath = /bin/sh;
			shellScript = "\"${SRCROOT}/Pods/Target Support Files/Pods/Pods-resources.sh\"\n";
			showEnvVarsInLog = 0;
		};
/* End PBXShellScriptBuildPhase section */

/* Begin PBXSourcesBuildPhase section */
		913C7CDF1AD952BE00C5EBF7 /* Sources */ = {
			isa = PBXSourcesBuildPhase;
			buildActionMask = 2147483647;
			files = (
				913C7CEC1AD952BE00C5EBF7 /* MLH_Braintree.xcdatamodeld in Sources */,
				3FF8FD5A1AD9712500597798 /* Cart.swift in Sources */,
				913C7CE91AD952BE00C5EBF7 /* AppDelegate.swift in Sources */,
				910B840A1AD9C63E00412CDE /* ShopListTableViewCell.swift in Sources */,
				91672D721AD99DC900F14257 /* TabViewController.swift in Sources */,
				3FF8FD581AD9709700597798 /* Item.swift in Sources */,
				3F4387371ADA0E5B0099CCCE /* ModalView.swift in Sources */,
				910B84021AD9C3AF00412CDE /* CartViewController.swift in Sources */,
				3F4387331ADA0C7B0099CCCE /* PathDynamicModal.swift in Sources */,
				91672D681AD97EC700F14257 /* ItemDetailViewController.swift in Sources */,
				3F2F11141AD9922C00AE3DBA /* BeaconManager.swift in Sources */,
				910B84161AD9CAFB00412CDE /* ShopManager.swift in Sources */,
				3FF8FD541AD96D0600597798 /* Shop.swift in Sources */,
				91672D6A1AD97ECE00F14257 /* ReceiptViewController.swift in Sources */,
				91672D6D1AD97ED400F14257 /* ShopListViewController.swift in Sources */,
				910B84181AD9DE5100412CDE /* URLRequestHelper.swift in Sources */,
				910B84111AD9C6A400412CDE /* CartTableViewCell.swift in Sources */,
				91672D641AD97EB400F14257 /* CheckoutViewController.swift in Sources */,
			);
			runOnlyForDeploymentPostprocessing = 0;
		};
		913C7CF71AD952BE00C5EBF7 /* Sources */ = {
			isa = PBXSourcesBuildPhase;
			buildActionMask = 2147483647;
			files = (
				913C7D021AD952BE00C5EBF7 /* MLH_BraintreeTests.swift in Sources */,
			);
			runOnlyForDeploymentPostprocessing = 0;
		};
/* End PBXSourcesBuildPhase section */

/* Begin PBXTargetDependency section */
		913C7CFD1AD952BE00C5EBF7 /* PBXTargetDependency */ = {
			isa = PBXTargetDependency;
			target = 913C7CE21AD952BE00C5EBF7 /* MLH-Braintree */;
			targetProxy = 913C7CFC1AD952BE00C5EBF7 /* PBXContainerItemProxy */;
		};
/* End PBXTargetDependency section */

/* Begin PBXVariantGroup section */
		913C7CEF1AD952BE00C5EBF7 /* Main.storyboard */ = {
			isa = PBXVariantGroup;
			children = (
				913C7CF01AD952BE00C5EBF7 /* Base */,
			);
			name = Main.storyboard;
			sourceTree = "<group>";
		};
		913C7CF41AD952BE00C5EBF7 /* LaunchScreen.xib */ = {
			isa = PBXVariantGroup;
			children = (
				913C7CF51AD952BE00C5EBF7 /* Base */,
			);
			name = LaunchScreen.xib;
			sourceTree = "<group>";
		};
/* End PBXVariantGroup section */

/* Begin XCBuildConfiguration section */
		913C7D031AD952BE00C5EBF7 /* Debug */ = {
			isa = XCBuildConfiguration;
			buildSettings = {
				ALWAYS_SEARCH_USER_PATHS = NO;
				CLANG_CXX_LANGUAGE_STANDARD = "gnu++0x";
				CLANG_CXX_LIBRARY = "libc++";
				CLANG_ENABLE_MODULES = YES;
				CLANG_ENABLE_OBJC_ARC = YES;
				CLANG_WARN_BOOL_CONVERSION = YES;
				CLANG_WARN_CONSTANT_CONVERSION = YES;
				CLANG_WARN_DIRECT_OBJC_ISA_USAGE = YES_ERROR;
				CLANG_WARN_EMPTY_BODY = YES;
				CLANG_WARN_ENUM_CONVERSION = YES;
				CLANG_WARN_INT_CONVERSION = YES;
				CLANG_WARN_OBJC_ROOT_CLASS = YES_ERROR;
				CLANG_WARN_UNREACHABLE_CODE = YES;
				CLANG_WARN__DUPLICATE_METHOD_MATCH = YES;
				"CODE_SIGN_IDENTITY[sdk=iphoneos*]" = "iPhone Developer";
				COPY_PHASE_STRIP = NO;
				ENABLE_STRICT_OBJC_MSGSEND = YES;
				GCC_C_LANGUAGE_STANDARD = gnu99;
				GCC_DYNAMIC_NO_PIC = NO;
				GCC_OPTIMIZATION_LEVEL = 0;
				GCC_PREPROCESSOR_DEFINITIONS = (
					"DEBUG=1",
					"$(inherited)",
				);
				GCC_SYMBOLS_PRIVATE_EXTERN = NO;
				GCC_WARN_64_TO_32_BIT_CONVERSION = YES;
				GCC_WARN_ABOUT_RETURN_TYPE = YES_ERROR;
				GCC_WARN_UNDECLARED_SELECTOR = YES;
				GCC_WARN_UNINITIALIZED_AUTOS = YES_AGGRESSIVE;
				GCC_WARN_UNUSED_FUNCTION = YES;
				GCC_WARN_UNUSED_VARIABLE = YES;
				IPHONEOS_DEPLOYMENT_TARGET = 8.2;
				MTL_ENABLE_DEBUG_INFO = YES;
				ONLY_ACTIVE_ARCH = YES;
				SDKROOT = iphoneos;
				SWIFT_OPTIMIZATION_LEVEL = "-Onone";
			};
			name = Debug;
		};
		913C7D041AD952BE00C5EBF7 /* Release */ = {
			isa = XCBuildConfiguration;
			buildSettings = {
				ALWAYS_SEARCH_USER_PATHS = NO;
				CLANG_CXX_LANGUAGE_STANDARD = "gnu++0x";
				CLANG_CXX_LIBRARY = "libc++";
				CLANG_ENABLE_MODULES = YES;
				CLANG_ENABLE_OBJC_ARC = YES;
				CLANG_WARN_BOOL_CONVERSION = YES;
				CLANG_WARN_CONSTANT_CONVERSION = YES;
				CLANG_WARN_DIRECT_OBJC_ISA_USAGE = YES_ERROR;
				CLANG_WARN_EMPTY_BODY = YES;
				CLANG_WARN_ENUM_CONVERSION = YES;
				CLANG_WARN_INT_CONVERSION = YES;
				CLANG_WARN_OBJC_ROOT_CLASS = YES_ERROR;
				CLANG_WARN_UNREACHABLE_CODE = YES;
				CLANG_WARN__DUPLICATE_METHOD_MATCH = YES;
				"CODE_SIGN_IDENTITY[sdk=iphoneos*]" = "iPhone Developer";
				COPY_PHASE_STRIP = NO;
				ENABLE_NS_ASSERTIONS = NO;
				ENABLE_STRICT_OBJC_MSGSEND = YES;
				GCC_C_LANGUAGE_STANDARD = gnu99;
				GCC_WARN_64_TO_32_BIT_CONVERSION = YES;
				GCC_WARN_ABOUT_RETURN_TYPE = YES_ERROR;
				GCC_WARN_UNDECLARED_SELECTOR = YES;
				GCC_WARN_UNINITIALIZED_AUTOS = YES_AGGRESSIVE;
				GCC_WARN_UNUSED_FUNCTION = YES;
				GCC_WARN_UNUSED_VARIABLE = YES;
				IPHONEOS_DEPLOYMENT_TARGET = 8.2;
				MTL_ENABLE_DEBUG_INFO = NO;
				SDKROOT = iphoneos;
				VALIDATE_PRODUCT = YES;
			};
			name = Release;
		};
		913C7D061AD952BE00C5EBF7 /* Debug */ = {
			isa = XCBuildConfiguration;
			baseConfigurationReference = 7546263C95D124487A69919D /* Pods.debug.xcconfig */;
			buildSettings = {
				ASSETCATALOG_COMPILER_APPICON_NAME = AppIcon;
				CLANG_ENABLE_MODULES = YES;
				INFOPLIST_FILE = "MLH-Braintree/Info.plist";
				IPHONEOS_DEPLOYMENT_TARGET = 8.0;
				LD_RUNPATH_SEARCH_PATHS = "$(inherited) @executable_path/Frameworks";
				PRODUCT_NAME = "$(TARGET_NAME)";
				SWIFT_OBJC_BRIDGING_HEADER = "MLH-Braintree/MLH-Braintree-Bridging-Header.h";
				SWIFT_OPTIMIZATION_LEVEL = "-Onone";
			};
			name = Debug;
		};
		913C7D071AD952BE00C5EBF7 /* Release */ = {
			isa = XCBuildConfiguration;
			baseConfigurationReference = 34F75BCF8DF41AD3D724E4D4 /* Pods.release.xcconfig */;
			buildSettings = {
				ASSETCATALOG_COMPILER_APPICON_NAME = AppIcon;
				CLANG_ENABLE_MODULES = YES;
				INFOPLIST_FILE = "MLH-Braintree/Info.plist";
				IPHONEOS_DEPLOYMENT_TARGET = 8.0;
				LD_RUNPATH_SEARCH_PATHS = "$(inherited) @executable_path/Frameworks";
				PRODUCT_NAME = "$(TARGET_NAME)";
				SWIFT_OBJC_BRIDGING_HEADER = "MLH-Braintree/MLH-Braintree-Bridging-Header.h";
			};
			name = Release;
		};
		913C7D091AD952BE00C5EBF7 /* Debug */ = {
			isa = XCBuildConfiguration;
			buildSettings = {
				BUNDLE_LOADER = "$(TEST_HOST)";
				FRAMEWORK_SEARCH_PATHS = (
					"$(SDKROOT)/Developer/Library/Frameworks",
					"$(inherited)",
				);
				GCC_PREPROCESSOR_DEFINITIONS = (
					"DEBUG=1",
					"$(inherited)",
				);
				INFOPLIST_FILE = "MLH-BraintreeTests/Info.plist";
				LD_RUNPATH_SEARCH_PATHS = "$(inherited) @executable_path/Frameworks @loader_path/Frameworks";
				PRODUCT_NAME = "$(TARGET_NAME)";
				TEST_HOST = "$(BUILT_PRODUCTS_DIR)/MLH-Braintree.app/MLH-Braintree";
			};
			name = Debug;
		};
		913C7D0A1AD952BE00C5EBF7 /* Release */ = {
			isa = XCBuildConfiguration;
			buildSettings = {
				BUNDLE_LOADER = "$(TEST_HOST)";
				FRAMEWORK_SEARCH_PATHS = (
					"$(SDKROOT)/Developer/Library/Frameworks",
					"$(inherited)",
				);
				INFOPLIST_FILE = "MLH-BraintreeTests/Info.plist";
				LD_RUNPATH_SEARCH_PATHS = "$(inherited) @executable_path/Frameworks @loader_path/Frameworks";
				PRODUCT_NAME = "$(TARGET_NAME)";
				TEST_HOST = "$(BUILT_PRODUCTS_DIR)/MLH-Braintree.app/MLH-Braintree";
			};
			name = Release;
		};
/* End XCBuildConfiguration section */

/* Begin XCConfigurationList section */
		913C7CDE1AD952BE00C5EBF7 /* Build configuration list for PBXProject "MLH-Braintree" */ = {
			isa = XCConfigurationList;
			buildConfigurations = (
				913C7D031AD952BE00C5EBF7 /* Debug */,
				913C7D041AD952BE00C5EBF7 /* Release */,
			);
			defaultConfigurationIsVisible = 0;
			defaultConfigurationName = Release;
		};
		913C7D051AD952BE00C5EBF7 /* Build configuration list for PBXNativeTarget "MLH-Braintree" */ = {
			isa = XCConfigurationList;
			buildConfigurations = (
				913C7D061AD952BE00C5EBF7 /* Debug */,
				913C7D071AD952BE00C5EBF7 /* Release */,
			);
			defaultConfigurationIsVisible = 0;
			defaultConfigurationName = Release;
		};
		913C7D081AD952BE00C5EBF7 /* Build configuration list for PBXNativeTarget "MLH-BraintreeTests" */ = {
			isa = XCConfigurationList;
			buildConfigurations = (
				913C7D091AD952BE00C5EBF7 /* Debug */,
				913C7D0A1AD952BE00C5EBF7 /* Release */,
			);
			defaultConfigurationIsVisible = 0;
			defaultConfigurationName = Release;
		};
/* End XCConfigurationList section */

/* Begin XCVersionGroup section */
		913C7CEA1AD952BE00C5EBF7 /* MLH_Braintree.xcdatamodeld */ = {
			isa = XCVersionGroup;
			children = (
				913C7CEB1AD952BE00C5EBF7 /* MLH_Braintree.xcdatamodel */,
			);
			currentVersion = 913C7CEB1AD952BE00C5EBF7 /* MLH_Braintree.xcdatamodel */;
			path = MLH_Braintree.xcdatamodeld;
			sourceTree = "<group>";
			versionGroupType = wrapper.xcdatamodel;
		};
/* End XCVersionGroup section */
	};
	rootObject = 913C7CDB1AD952BE00C5EBF7 /* Project object */;
}
