// !$*UTF8*$!
{
	archiveVersion = 1;
	classes = {
	};
	objectVersion = 46;
	objects = {

/* Begin PBXBuildFile section */
		913C7CE91AD952BE00C5EBF7 /* AppDelegate.swift in Sources */ = {isa = PBXBuildFile; fileRef = 913C7CE81AD952BE00C5EBF7 /* AppDelegate.swift */; };
		913C7CEC1AD952BE00C5EBF7 /* MLH_Braintree.xcdatamodeld in Sources */ = {isa = PBXBuildFile; fileRef = 913C7CEA1AD952BE00C5EBF7 /* MLH_Braintree.xcdatamodeld */; };
		913C7CEE1AD952BE00C5EBF7 /* ViewController.swift in Sources */ = {isa = PBXBuildFile; fileRef = 913C7CED1AD952BE00C5EBF7 /* ViewController.swift */; };
		913C7CF11AD952BE00C5EBF7 /* Main.storyboard in Resources */ = {isa = PBXBuildFile; fileRef = 913C7CEF1AD952BE00C5EBF7 /* Main.storyboard */; };
		913C7CF31AD952BE00C5EBF7 /* Images.xcassets in Resources */ = {isa = PBXBuildFile; fileRef = 913C7CF21AD952BE00C5EBF7 /* Images.xcassets */; };
		913C7CF61AD952BE00C5EBF7 /* LaunchScreen.xib in Resources */ = {isa = PBXBuildFile; fileRef = 913C7CF41AD952BE00C5EBF7 /* LaunchScreen.xib */; };
		913C7D021AD952BE00C5EBF7 /* MLH_BraintreeTests.swift in Sources */ = {isa = PBXBuildFile; fileRef = 913C7D011AD952BE00C5EBF7 /* MLH_BraintreeTests.swift */; };
/* End PBXBuildFile section */

/* Begin PBXContainerItemProxy section */
		913C7CFC1AD952BE00C5EBF7 /* PBXContainerItemProxy */ = {
			isa = PBXContainerItemProxy;
			containerPortal = 913C7CDB1AD952BE00C5EBF7 /* Project object */;
			proxyType = 1;
			remoteGlobalIDString = 913C7CE21AD952BE00C5EBF7;
			remoteInfo = "MLH-Braintree";
		};
/* End PBXContainerItemProxy section */

/* Begin PBXFileReference section */
		913C7CE31AD952BE00C5EBF7 /* MLH-Braintree.app */ = {isa = PBXFileReference; explicitFileType = wrapper.application; includeInIndex = 0; path = "MLH-Braintree.app"; sourceTree = BUILT_PRODUCTS_DIR; };
		913C7CE71AD952BE00C5EBF7 /* Info.plist */ = {isa = PBXFileReference; lastKnownFileType = text.plist.xml; path = Info.plist; sourceTree = "<group>"; };
		913C7CE81AD952BE00C5EBF7 /* AppDelegate.swift */ = {isa = PBXFileReference; lastKnownFileType = sourcecode.swift; path = AppDelegate.swift; sourceTree = "<group>"; };
		913C7CEB1AD952BE00C5EBF7 /* MLH_Braintree.xcdatamodel */ = {isa = PBXFileReference; lastKnownFileType = wrapper.xcdatamodel; path = MLH_Braintree.xcdatamodel; sourceTree = "<group>"; };
		913C7CED1AD952BE00C5EBF7 /* ViewController.swift */ = {isa = PBXFileReference; lastKnownFileType = sourcecode.swift; path = ViewController.swift; sourceTree = "<group>"; };
		913C7CF01AD952BE00C5EBF7 /* Base */ = {isa = PBXFileReference; lastKnownFileType = file.storyboard; name = Base; path = Base.lproj/Main.storyboard; sourceTree = "<group>"; };
		913C7CF21AD952BE00C5EBF7 /* Images.xcassets */ = {isa = PBXFileReference; lastKnownFileType = folder.assetcatalog; path = Images.xcassets; sourceTree = "<group>"; };
		913C7CF51AD952BE00C5EBF7 /* Base */ = {isa = PBXFileReference; lastKnownFileType = file.xib; name = Base; path = Base.lproj/LaunchScreen.xib; sourceTree = "<group>"; };
		913C7CFB1AD952BE00C5EBF7 /* MLH-BraintreeTests.xctest */ = {isa = PBXFileReference; explicitFileType = wrapper.cfbundle; includeInIndex = 0; path = "MLH-BraintreeTests.xctest"; sourceTree = BUILT_PRODUCTS_DIR; };
		913C7D001AD952BE00C5EBF7 /* Info.plist */ = {isa = PBXFileReference; lastKnownFileType = text.plist.xml; path = Info.plist; sourceTree = "<group>"; };
		913C7D011AD952BE00C5EBF7 /* MLH_BraintreeTests.swift */ = {isa = PBXFileReference; lastKnownFileType = sourcecode.swift; path = MLH_BraintreeTests.swift; sourceTree = "<group>"; };
/* End PBXFileReference section */

/* Begin PBXFrameworksBuildPhase section */
		913C7CE01AD952BE00C5EBF7 /* Frameworks */ = {
			isa = PBXFrameworksBuildPhase;
			buildActionMask = 2147483647;
			files = (
			);
			runOnlyForDeploymentPostprocessing = 0;
		};
		913C7CF81AD952BE00C5EBF7 /* Frameworks */ = {
			isa = PBXFrameworksBuildPhase;
			buildActionMask = 2147483647;
			files = (
			);
			runOnlyForDeploymentPostprocessing = 0;
		};
/* End PBXFrameworksBuildPhase section */

/* Begin PBXGroup section */
		913C7CDA1AD952BE00C5EBF7 = {
			isa = PBXGroup;
			children = (
				913C7CE51AD952BE00C5EBF7 /* MLH-Braintree */,
				913C7CFE1AD952BE00C5EBF7 /* MLH-BraintreeTests */,
				913C7CE41AD952BE00C5EBF7 /* Products */,
			);
			sourceTree = "<group>";
		};
		913C7CE41AD952BE00C5EBF7 /* Products */ = {
			isa = PBXGroup;
			children = (
				913C7CE31AD952BE00C5EBF7 /* MLH-Braintree.app */,
				913C7CFB1AD952BE00C5EBF7 /* MLH-BraintreeTests.xctest */,
			);
			name = Products;
			sourceTree = "<group>";
		};
		913C7CE51AD952BE00C5EBF7 /* MLH-Braintree */ = {
			isa = PBXGroup;
			children = (
				913C7CE81AD952BE00C5EBF7 /* AppDelegate.swift */,
				913C7CED1AD952BE00C5EBF7 /* ViewController.swift */,
				913C7CEF1AD952BE00C5EBF7 /* Main.storyboard */,
				913C7CF21AD952BE00C5EBF7 /* Images.xcassets */,
				913C7CF41AD952BE00C5EBF7 /* LaunchScreen.xib */,
				913C7CEA1AD952BE00C5EBF7 /* MLH_Braintree.xcdatamodeld */,
				913C7CE61AD952BE00C5EBF7 /* Supporting Files */,
			);
			path = "MLH-Braintree";
			sourceTree = "<group>";
		};
		913C7CE61AD952BE00C5EBF7 /* Supporting Files */ = {
			isa = PBXGroup;
			children = (
				913C7CE71AD952BE00C5EBF7 /* Info.plist */,
			);
			name = "Supporting Files";
			sourceTree = "<group>";
		};
		913C7CFE1AD952BE00C5EBF7 /* MLH-BraintreeTests */ = {
			isa = PBXGroup;
			children = (
				913C7D011AD952BE00C5EBF7 /* MLH_BraintreeTests.swift */,
				913C7CFF1AD952BE00C5EBF7 /* Supporting Files */,
			);
			path = "MLH-BraintreeTests";
			sourceTree = "<group>";
		};
		913C7CFF1AD952BE00C5EBF7 /* Supporting Files */ = {
			isa = PBXGroup;
			children = (
				913C7D001AD952BE00C5EBF7 /* Info.plist */,
			);
			name = "Supporting Files";
			sourceTree = "<group>";
		};
/* End PBXGroup section */

/* Begin PBXNativeTarget section */
		913C7CE21AD952BE00C5EBF7 /* MLH-Braintree */ = {
			isa = PBXNativeTarget;
			buildConfigurationList = 913C7D051AD952BE00C5EBF7 /* Build configuration list for PBXNativeTarget "MLH-Braintree" */;
			buildPhases = (
				913C7CDF1AD952BE00C5EBF7 /* Sources */,
				913C7CE01AD952BE00C5EBF7 /* Frameworks */,
				913C7CE11AD952BE00C5EBF7 /* Resources */,
			);
			buildRules = (
			);
			dependencies = (
			);
			name = "MLH-Braintree";
			productName = "MLH-Braintree";
			productReference = 913C7CE31AD952BE00C5EBF7 /* MLH-Braintree.app */;
			productType = "com.apple.product-type.application";
		};
		913C7CFA1AD952BE00C5EBF7 /* MLH-BraintreeTests */ = {
			isa = PBXNativeTarget;
			buildConfigurationList = 913C7D081AD952BE00C5EBF7 /* Build configuration list for PBXNativeTarget "MLH-BraintreeTests" */;
			buildPhases = (
				913C7CF71AD952BE00C5EBF7 /* Sources */,
				913C7CF81AD952BE00C5EBF7 /* Frameworks */,
				913C7CF91AD952BE00C5EBF7 /* Resources */,
			);
			buildRules = (
			);
			dependencies = (
				913C7CFD1AD952BE00C5EBF7 /* PBXTargetDependency */,
			);
			name = "MLH-BraintreeTests";
			productName = "MLH-BraintreeTests";
			productReference = 913C7CFB1AD952BE00C5EBF7 /* MLH-BraintreeTests.xctest */;
			productType = "com.apple.product-type.bundle.unit-test";
		};
/* End PBXNativeTarget section */

/* Begin PBXProject section */
		913C7CDB1AD952BE00C5EBF7 /* Project object */ = {
			isa = PBXProject;
			attributes = {
				LastUpgradeCheck = 0620;
				ORGANIZATIONNAME = "Jessie Serrino";
				TargetAttributes = {
					913C7CE21AD952BE00C5EBF7 = {
						CreatedOnToolsVersion = 6.2;
					};
					913C7CFA1AD952BE00C5EBF7 = {
						CreatedOnToolsVersion = 6.2;
						TestTargetID = 913C7CE21AD952BE00C5EBF7;
					};
				};
			};
			buildConfigurationList = 913C7CDE1AD952BE00C5EBF7 /* Build configuration list for PBXProject "MLH-Braintree" */;
			compatibilityVersion = "Xcode 3.2";
			developmentRegion = English;
			hasScannedForEncodings = 0;
			knownRegions = (
				en,
				Base,
			);
			mainGroup = 913C7CDA1AD952BE00C5EBF7;
			productRefGroup = 913C7CE41AD952BE00C5EBF7 /* Products */;
			projectDirPath = "";
			projectRoot = "";
			targets = (
				913C7CE21AD952BE00C5EBF7 /* MLH-Braintree */,
				913C7CFA1AD952BE00C5EBF7 /* MLH-BraintreeTests */,
			);
		};
/* End PBXProject section */

/* Begin PBXResourcesBuildPhase section */
		913C7CE11AD952BE00C5EBF7 /* Resources */ = {
			isa = PBXResourcesBuildPhase;
			buildActionMask = 2147483647;
			files = (
				913C7CF11AD952BE00C5EBF7 /* Main.storyboard in Resources */,
				913C7CF61AD952BE00C5EBF7 /* LaunchScreen.xib in Resources */,
				913C7CF31AD952BE00C5EBF7 /* Images.xcassets in Resources */,
			);
			runOnlyForDeploymentPostprocessing = 0;
		};
		913C7CF91AD952BE00C5EBF7 /* Resources */ = {
			isa = PBXResourcesBuildPhase;
			buildActionMask = 2147483647;
			files = (
			);
			runOnlyForDeploymentPostprocessing = 0;
		};
/* End PBXResourcesBuildPhase section */

/* Begin PBXSourcesBuildPhase section */
		913C7CDF1AD952BE00C5EBF7 /* Sources */ = {
			isa = PBXSourcesBuildPhase;
			buildActionMask = 2147483647;
			files = (
				913C7CEE1AD952BE00C5EBF7 /* ViewController.swift in Sources */,
				913C7CEC1AD952BE00C5EBF7 /* MLH_Braintree.xcdatamodeld in Sources */,
				913C7CE91AD952BE00C5EBF7 /* AppDelegate.swift in Sources */,
			);
			runOnlyForDeploymentPostprocessing = 0;
		};
		913C7CF71AD952BE00C5EBF7 /* Sources */ = {
			isa = PBXSourcesBuildPhase;
			buildActionMask = 2147483647;
			files = (
				913C7D021AD952BE00C5EBF7 /* MLH_BraintreeTests.swift in Sources */,
			);
			runOnlyForDeploymentPostprocessing = 0;
		};
/* End PBXSourcesBuildPhase section */

/* Begin PBXTargetDependency section */
		913C7CFD1AD952BE00C5EBF7 /* PBXTargetDependency */ = {
			isa = PBXTargetDependency;
			target = 913C7CE21AD952BE00C5EBF7 /* MLH-Braintree */;
			targetProxy = 913C7CFC1AD952BE00C5EBF7 /* PBXContainerItemProxy */;
		};
/* End PBXTargetDependency section */

/* Begin PBXVariantGroup section */
		913C7CEF1AD952BE00C5EBF7 /* Main.storyboard */ = {
			isa = PBXVariantGroup;
			children = (
				913C7CF01AD952BE00C5EBF7 /* Base */,
			);
			name = Main.storyboard;
			sourceTree = "<group>";
		};
		913C7CF41AD952BE00C5EBF7 /* LaunchScreen.xib */ = {
			isa = PBXVariantGroup;
			children = (
				913C7CF51AD952BE00C5EBF7 /* Base */,
			);
			name = LaunchScreen.xib;
			sourceTree = "<group>";
		};
/* End PBXVariantGroup section */

/* Begin XCBuildConfiguration section */
		913C7D031AD952BE00C5EBF7 /* Debug */ = {
			isa = XCBuildConfiguration;
			buildSettings = {
				ALWAYS_SEARCH_USER_PATHS = NO;
				CLANG_CXX_LANGUAGE_STANDARD = "gnu++0x";
				CLANG_CXX_LIBRARY = "libc++";
				CLANG_ENABLE_MODULES = YES;
				CLANG_ENABLE_OBJC_ARC = YES;
				CLANG_WARN_BOOL_CONVERSION = YES;
				CLANG_WARN_CONSTANT_CONVERSION = YES;
				CLANG_WARN_DIRECT_OBJC_ISA_USAGE = YES_ERROR;
				CLANG_WARN_EMPTY_BODY = YES;
				CLANG_WARN_ENUM_CONVERSION = YES;
				CLANG_WARN_INT_CONVERSION = YES;
				CLANG_WARN_OBJC_ROOT_CLASS = YES_ERROR;
				CLANG_WARN_UNREACHABLE_CODE = YES;
				CLANG_WARN__DUPLICATE_METHOD_MATCH = YES;
				"CODE_SIGN_IDENTITY[sdk=iphoneos*]" = "iPhone Developer";
				COPY_PHASE_STRIP = NO;
				ENABLE_STRICT_OBJC_MSGSEND = YES;
				GCC_C_LANGUAGE_STANDARD = gnu99;
				GCC_DYNAMIC_NO_PIC = NO;
				GCC_OPTIMIZATION_LEVEL = 0;
				GCC_PREPROCESSOR_DEFINITIONS = (
					"DEBUG=1",
					"$(inherited)",
				);
				GCC_SYMBOLS_PRIVATE_EXTERN = NO;
				GCC_WARN_64_TO_32_BIT_CONVERSION = YES;
				GCC_WARN_ABOUT_RETURN_TYPE = YES_ERROR;
				GCC_WARN_UNDECLARED_SELECTOR = YES;
				GCC_WARN_UNINITIALIZED_AUTOS = YES_AGGRESSIVE;
				GCC_WARN_UNUSED_FUNCTION = YES;
				GCC_WARN_UNUSED_VARIABLE = YES;
				IPHONEOS_DEPLOYMENT_TARGET = 8.2;
				MTL_ENABLE_DEBUG_INFO = YES;
				ONLY_ACTIVE_ARCH = YES;
				SDKROOT = iphoneos;
				SWIFT_OPTIMIZATION_LEVEL = "-Onone";
			};
			name = Debug;
		};
		913C7D041AD952BE00C5EBF7 /* Release */ = {
			isa = XCBuildConfiguration;
			buildSettings = {
				ALWAYS_SEARCH_USER_PATHS = NO;
				CLANG_CXX_LANGUAGE_STANDARD = "gnu++0x";
				CLANG_CXX_LIBRARY = "libc++";
				CLANG_ENABLE_MODULES = YES;
				CLANG_ENABLE_OBJC_ARC = YES;
				CLANG_WARN_BOOL_CONVERSION = YES;
				CLANG_WARN_CONSTANT_CONVERSION = YES;
				CLANG_WARN_DIRECT_OBJC_ISA_USAGE = YES_ERROR;
				CLANG_WARN_EMPTY_BODY = YES;
				CLANG_WARN_ENUM_CONVERSION = YES;
				CLANG_WARN_INT_CONVERSION = YES;
				CLANG_WARN_OBJC_ROOT_CLASS = YES_ERROR;
				CLANG_WARN_UNREACHABLE_CODE = YES;
				CLANG_WARN__DUPLICATE_METHOD_MATCH = YES;
				"CODE_SIGN_IDENTITY[sdk=iphoneos*]" = "iPhone Developer";
				COPY_PHASE_STRIP = NO;
				ENABLE_NS_ASSERTIONS = NO;
				ENABLE_STRICT_OBJC_MSGSEND = YES;
				GCC_C_LANGUAGE_STANDARD = gnu99;
				GCC_WARN_64_TO_32_BIT_CONVERSION = YES;
				GCC_WARN_ABOUT_RETURN_TYPE = YES_ERROR;
				GCC_WARN_UNDECLARED_SELECTOR = YES;
				GCC_WARN_UNINITIALIZED_AUTOS = YES_AGGRESSIVE;
				GCC_WARN_UNUSED_FUNCTION = YES;
				GCC_WARN_UNUSED_VARIABLE = YES;
				IPHONEOS_DEPLOYMENT_TARGET = 8.2;
				MTL_ENABLE_DEBUG_INFO = NO;
				SDKROOT = iphoneos;
				VALIDATE_PRODUCT = YES;
			};
			name = Release;
		};
		913C7D061AD952BE00C5EBF7 /* Debug */ = {
			isa = XCBuildConfiguration;
			buildSettings = {
				ASSETCATALOG_COMPILER_APPICON_NAME = AppIcon;
				INFOPLIST_FILE = "MLH-Braintree/Info.plist";
				LD_RUNPATH_SEARCH_PATHS = "$(inherited) @executable_path/Frameworks";
				PRODUCT_NAME = "$(TARGET_NAME)";
			};
			name = Debug;
		};
		913C7D071AD952BE00C5EBF7 /* Release */ = {
			isa = XCBuildConfiguration;
			buildSettings = {
				ASSETCATALOG_COMPILER_APPICON_NAME = AppIcon;
				INFOPLIST_FILE = "MLH-Braintree/Info.plist";
				LD_RUNPATH_SEARCH_PATHS = "$(inherited) @executable_path/Frameworks";
				PRODUCT_NAME = "$(TARGET_NAME)";
			};
			name = Release;
		};
		913C7D091AD952BE00C5EBF7 /* Debug */ = {
			isa = XCBuildConfiguration;
			buildSettings = {
				BUNDLE_LOADER = "$(TEST_HOST)";
				FRAMEWORK_SEARCH_PATHS = (
					"$(SDKROOT)/Developer/Library/Frameworks",
					"$(inherited)",
				);
				GCC_PREPROCESSOR_DEFINITIONS = (
					"DEBUG=1",
					"$(inherited)",
				);
				INFOPLIST_FILE = "MLH-BraintreeTests/Info.plist";
				LD_RUNPATH_SEARCH_PATHS = "$(inherited) @executable_path/Frameworks @loader_path/Frameworks";
				PRODUCT_NAME = "$(TARGET_NAME)";
				TEST_HOST = "$(BUILT_PRODUCTS_DIR)/MLH-Braintree.app/MLH-Braintree";
			};
			name = Debug;
		};
		913C7D0A1AD952BE00C5EBF7 /* Release */ = {
			isa = XCBuildConfiguration;
			buildSettings = {
				BUNDLE_LOADER = "$(TEST_HOST)";
				FRAMEWORK_SEARCH_PATHS = (
					"$(SDKROOT)/Developer/Library/Frameworks",
					"$(inherited)",
				);
				INFOPLIST_FILE = "MLH-BraintreeTests/Info.plist";
				LD_RUNPATH_SEARCH_PATHS = "$(inherited) @executable_path/Frameworks @loader_path/Frameworks";
				PRODUCT_NAME = "$(TARGET_NAME)";
				TEST_HOST = "$(BUILT_PRODUCTS_DIR)/MLH-Braintree.app/MLH-Braintree";
			};
			name = Release;
		};
/* End XCBuildConfiguration section */

/* Begin XCConfigurationList section */
		913C7CDE1AD952BE00C5EBF7 /* Build configuration list for PBXProject "MLH-Braintree" */ = {
			isa = XCConfigurationList;
			buildConfigurations = (
				913C7D031AD952BE00C5EBF7 /* Debug */,
				913C7D041AD952BE00C5EBF7 /* Release */,
			);
			defaultConfigurationIsVisible = 0;
			defaultConfigurationName = Release;
		};
		913C7D051AD952BE00C5EBF7 /* Build configuration list for PBXNativeTarget "MLH-Braintree" */ = {
			isa = XCConfigurationList;
			buildConfigurations = (
				913C7D061AD952BE00C5EBF7 /* Debug */,
				913C7D071AD952BE00C5EBF7 /* Release */,
			);
			defaultConfigurationIsVisible = 0;
		};
		913C7D081AD952BE00C5EBF7 /* Build configuration list for PBXNativeTarget "MLH-BraintreeTests" */ = {
			isa = XCConfigurationList;
			buildConfigurations = (
				913C7D091AD952BE00C5EBF7 /* Debug */,
				913C7D0A1AD952BE00C5EBF7 /* Release */,
			);
			defaultConfigurationIsVisible = 0;
		};
/* End XCConfigurationList section */

/* Begin XCVersionGroup section */
		913C7CEA1AD952BE00C5EBF7 /* MLH_Braintree.xcdatamodeld */ = {
			isa = XCVersionGroup;
			children = (
				913C7CEB1AD952BE00C5EBF7 /* MLH_Braintree.xcdatamodel */,
			);
			currentVersion = 913C7CEB1AD952BE00C5EBF7 /* MLH_Braintree.xcdatamodel */;
			path = MLH_Braintree.xcdatamodeld;
			sourceTree = "<group>";
			versionGroupType = wrapper.xcdatamodel;
		};
/* End XCVersionGroup section */
	};
	rootObject = 913C7CDB1AD952BE00C5EBF7 /* Project object */;
}
